
Microsoft Visual Studio Solution File, Format Version 12.00
# Visual Studio Version 17
VisualStudioVersion = 17.14.37203.1 d17.14
MinimumVisualStudioVersion = 10.0.40219.1
Project("{FAE04EC0-301F-11D3-BF4B-00C04F79EFBC}") = "Ex01_Lampada", "Ex01_Lampada\Ex01_Lampada.csproj", "{D044B847-260F-4A39-9692-5135AE27157D}"
EndProject
Global
	GlobalSection(SolutionConfigurationPlatforms) = preSolution
		Debug|Any CPU = Debug|Any CPU
		Release|Any CPU = Release|Any CPU
	EndGlobalSection
	GlobalSection(ProjectConfigurationPlatforms) = postSolution
		{D044B847-260F-4A39-9692-5135AE27157D}.Debug|Any CPU.ActiveCfg = Debug|Any CPU
		{D044B847-260F-4A39-9692-5135AE27157D}.Debug|Any CPU.Build.0 = Debug|Any CPU
		{D044B847-260F-4A39-9692-5135AE27157D}.Release|Any CPU.ActiveCfg = Release|Any CPU
		{D044B847-260F-4A39-9692-5135AE27157D}.Release|Any CPU.Build.0 = Release|Any CPU
	EndGlobalSection
	GlobalSection(SolutionProperties) = preSolution
		HideSolutionNode = FALSE
	EndGlobalSection
	GlobalSection(ExtensibilityGlobals) = postSolution
		SolutionGuid = {DF8C9886-92A3-4F3D-93C8-497FE643582C}
	EndGlobalSection
EndGlobal
